{
  "version": "5",
  "specifiers": {
    "jsr:@aurellis/helpers@^1.4.2": "1.4.2"
  },
  "jsr": {
    "@aurellis/helpers@1.4.2": {
      "integrity": "f9b69989789ded9063ae8b6dfc60fe58d77254fd2403135d3f27ad687fe039c8"
    }
  },
  "workspace": {
    "dependencies": [
      "jsr:@aurellis/helpers@^1.4.2"
    ]
  }
}
